
Microsoft Visual Studio Solution File, Format Version 12.00
# Visual Studio Version 17
VisualStudioVersion = 17.3.32901.215
MinimumVisualStudioVersion = 10.0.40219.1
Project("{9A19103F-16F7-4668-BE54-9A1E7A4F7556}") = "SliderCaptcha", "SliderCaptcha\SliderCaptcha.csproj", "{5392217F-106B-49DF-90DC-E20296184C84}"
EndProject
Project("{FAE04EC0-301F-11D3-BF4B-00C04F79EFBC}") = "SliderCaptcha.Test", "SliderCaptcha.Test\SliderCaptcha.Test.csproj", "{ACA68EA7-EC2D-4CC5-82C9-7C5EDCEF2D66}"
EndProject
Global
	GlobalSection(SolutionConfigurationPlatforms) = preSolution
		Debug|Any CPU = Debug|Any CPU
		Release|Any CPU = Release|Any CPU
	EndGlobalSection
	GlobalSection(ProjectConfigurationPlatforms) = postSolution
		{5392217F-106B-49DF-90DC-E20296184C84}.Debug|Any CPU.ActiveCfg = Debug|Any CPU
		{5392217F-106B-49DF-90DC-E20296184C84}.Debug|Any CPU.Build.0 = Debug|Any CPU
		{5392217F-106B-49DF-90DC-E20296184C84}.Release|Any CPU.ActiveCfg = Release|Any CPU
		{5392217F-106B-49DF-90DC-E20296184C84}.Release|Any CPU.Build.0 = Release|Any CPU
		{ACA68EA7-EC2D-4CC5-82C9-7C5EDCEF2D66}.Debug|Any CPU.ActiveCfg = Debug|Any CPU
		{ACA68EA7-EC2D-4CC5-82C9-7C5EDCEF2D66}.Debug|Any CPU.Build.0 = Debug|Any CPU
		{ACA68EA7-EC2D-4CC5-82C9-7C5EDCEF2D66}.Release|Any CPU.ActiveCfg = Release|Any CPU
		{ACA68EA7-EC2D-4CC5-82C9-7C5EDCEF2D66}.Release|Any CPU.Build.0 = Release|Any CPU
	EndGlobalSection
	GlobalSection(SolutionProperties) = preSolution
		HideSolutionNode = FALSE
	EndGlobalSection
	GlobalSection(ExtensibilityGlobals) = postSolution
		SolutionGuid = {83B648FF-CEC8-4BFB-B430-CECB7BC4D160}
	EndGlobalSection
EndGlobal
